
Microsoft Visual Studio Solution File, Format Version 12.00
# Visual Studio Version 16
VisualStudioVersion = 25.0.1705.2
MinimumVisualStudioVersion = 10.0.40219.1
Project("{FAE04EC0-301F-11D3-BF4B-00C04F79EFBC}") = "GymPlannerApi", "GymPlannerApi.csproj", "{57CC85E7-51C7-4898-A95D-034237160F3D}"
EndProject
Global
	GlobalSection(SolutionConfigurationPlatforms) = preSolution
		Debug|Any CPU = Debug|Any CPU
		Release|Any CPU = Release|Any CPU
	EndGlobalSection
	GlobalSection(ProjectConfigurationPlatforms) = postSolution
		{57CC85E7-51C7-4898-A95D-034237160F3D}.Debug|Any CPU.ActiveCfg = Debug|Any CPU
		{57CC85E7-51C7-4898-A95D-034237160F3D}.Debug|Any CPU.Build.0 = Debug|Any CPU
		{57CC85E7-51C7-4898-A95D-034237160F3D}.Release|Any CPU.ActiveCfg = Release|Any CPU
		{57CC85E7-51C7-4898-A95D-034237160F3D}.Release|Any CPU.Build.0 = Release|Any CPU
	EndGlobalSection
	GlobalSection(SolutionProperties) = preSolution
		HideSolutionNode = FALSE
	EndGlobalSection
	GlobalSection(ExtensibilityGlobals) = postSolution
		SolutionGuid = {3728B591-4D16-43F8-A762-4D7D44A0B18A}
	EndGlobalSection
EndGlobal
